
Microsoft Visual Studio Solution File, Format Version 12.00
# Visual Studio 15
VisualStudioVersion = 15.0.27004.2002
MinimumVisualStudioVersion = 10.0.40219.1
Project("{FAE04EC0-301F-11D3-BF4B-00C04F79EFBC}") = "DroneLander.Android", "DroneLander\DroneLander.Android\DroneLander.Android.csproj", "{FF8D33E0-2E82-45FF-8ED3-892C996B0774}"
EndProject
Project("{FAE04EC0-301F-11D3-BF4B-00C04F79EFBC}") = "DroneLander", "DroneLander\DroneLander\DroneLander.csproj", "{28804542-860B-472F-BD1D-19841FDC9784}"
EndProject
Project("{FAE04EC0-301F-11D3-BF4B-00C04F79EFBC}") = "DroneLander.UWP", "DroneLander\DroneLander.UWP\DroneLander.UWP.csproj", "{6724FCF2-58D8-43FE-BAEE-B5375650AC6D}"
EndProject
Project("{FAE04EC0-301F-11D3-BF4B-00C04F79EFBC}") = "DroneLander.iOS", "DroneLander\DroneLander.iOS\DroneLander.iOS.csproj", "{A814E86C-3216-4677-AAA4-F39BDCCB1618}"
EndProject
Global
	GlobalSection(SolutionConfigurationPlatforms) = preSolution
		Ad-Hoc|Any CPU = Ad-Hoc|Any CPU
		Ad-Hoc|ARM = Ad-Hoc|ARM
		Ad-Hoc|iPhone = Ad-Hoc|iPhone
		Ad-Hoc|iPhoneSimulator = Ad-Hoc|iPhoneSimulator
		Ad-Hoc|x64 = Ad-Hoc|x64
		Ad-Hoc|x86 = Ad-Hoc|x86
		AppStore|Any CPU = AppStore|Any CPU
		AppStore|ARM = AppStore|ARM
		AppStore|iPhone = AppStore|iPhone
		AppStore|iPhoneSimulator = AppStore|iPhoneSimulator
		AppStore|x64 = AppStore|x64
		AppStore|x86 = AppStore|x86
		Debug|Any CPU = Debug|Any CPU
		Debug|ARM = Debug|ARM
		Debug|iPhone = Debug|iPhone
		Debug|iPhoneSimulator = Debug|iPhoneSimulator
		Debug|x64 = Debug|x64
		Debug|x86 = Debug|x86
		Release|Any CPU = Release|Any CPU
		Release|ARM = Release|ARM
		Release|iPhone = Release|iPhone
		Release|iPhoneSimulator = Release|iPhoneSimulator
		Release|x64 = Release|x64
		Release|x86 = Release|x86
	EndGlobalSection
	GlobalSection(ProjectConfigurationPlatforms) = postSolution
		{FF8D33E0-2E82-45FF-8ED3-892C996B0774}.Ad-Hoc|Any CPU.ActiveCfg = Release|Any CPU
		{FF8D33E0-2E82-45FF-8ED3-892C996B0774}.Ad-Hoc|Any CPU.Build.0 = Release|Any CPU
		{FF8D33E0-2E82-45FF-8ED3-892C996B0774}.Ad-Hoc|Any CPU.Deploy.0 = Release|Any CPU
		{FF8D33E0-2E82-45FF-8ED3-892C996B0774}.Ad-Hoc|ARM.ActiveCfg = Release|Any CPU
		{FF8D33E0-2E82-45FF-8ED3-892C996B0774}.Ad-Hoc|ARM.Build.0 = Release|Any CPU
		{FF8D33E0-2E82-45FF-8ED3-892C996B0774}.Ad-Hoc|ARM.Deploy.0 = Release|Any CPU
		{FF8D33E0-2E82-45FF-8ED3-892C996B0774}.Ad-Hoc|iPhone.ActiveCfg = Release|Any CPU
		{FF8D33E0-2E82-45FF-8ED3-892C996B0774}.Ad-Hoc|iPhone.Build.0 = Release|Any CPU
		{FF8D33E0-2E82-45FF-8ED3-892C996B0774}.Ad-Hoc|iPhone.Deploy.0 = Release|Any CPU
		{FF8D33E0-2E82-45FF-8ED3-892C996B0774}.Ad-Hoc|iPhoneSimulator.ActiveCfg = Release|Any CPU
		{FF8D33E0-2E82-45FF-8ED3-892C996B0774}.Ad-Hoc|iPhoneSimulator.Build.0 = Release|Any CPU
		{FF8D33E0-2E82-45FF-8ED3-892C996B0774}.Ad-Hoc|iPhoneSimulator.Deploy.0 = Release|Any CPU
		{FF8D33E0-2E82-45FF-8ED3-892C996B0774}.Ad-Hoc|x64.ActiveCfg = Release|Any CPU
		{FF8D33E0-2E82-45FF-8ED3-892C996B0774}.Ad-Hoc|x64.Build.0 = Release|Any CPU
		{FF8D33E0-2E82-45FF-8ED3-892C996B0774}.Ad-Hoc|x64.Deploy.0 = Release|Any CPU
		{FF8D33E0-2E82-45FF-8ED3-892C996B0774}.Ad-Hoc|x86.ActiveCfg = Release|Any CPU
		{FF8D33E0-2E82-45FF-8ED3-892C996B0774}.Ad-Hoc|x86.Build.0 = Release|Any CPU
		{FF8D33E0-2E82-45FF-8ED3-892C996B0774}.Ad-Hoc|x86.Deploy.0 = Release|Any CPU
		{FF8D33E0-2E82-45FF-8ED3-892C996B0774}.AppStore|Any CPU.ActiveCfg = Release|Any CPU
		{FF8D33E0-2E82-45FF-8ED3-892C996B0774}.AppStore|Any CPU.Build.0 = Release|Any CPU
		{FF8D33E0-2E82-45FF-8ED3-892C996B0774}.AppStore|Any CPU.Deploy.0 = Release|Any CPU
		{FF8D33E0-2E82-45FF-8ED3-892C996B0774}.AppStore|ARM.ActiveCfg = Release|Any CPU
		{FF8D33E0-2E82-45FF-8ED3-892C996B0774}.AppStore|ARM.Build.0 = Release|Any CPU
		{FF8D33E0-2E82-45FF-8ED3-892C996B0774}.AppStore|ARM.Deploy.0 = Release|Any CPU
		{FF8D33E0-2E82-45FF-8ED3-892C996B0774}.AppStore|iPhone.ActiveCfg = Release|Any CPU
		{FF8D33E0-2E82-45FF-8ED3-892C996B0774}.AppStore|iPhone.Build.0 = Release|Any CPU
		{FF8D33E0-2E82-45FF-8ED3-892C996B0774}.AppStore|iPhone.Deploy.0 = Release|Any CPU
		{FF8D33E0-2E82-45FF-8ED3-892C996B0774}.AppStore|iPhoneSimulator.ActiveCfg = Release|Any CPU
		{FF8D33E0-2E82-45FF-8ED3-892C996B0774}.AppStore|iPhoneSimulator.Build.0 = Release|Any CPU
		{FF8D33E0-2E82-45FF-8ED3-892C996B0774}.AppStore|iPhoneSimulator.Deploy.0 = Release|Any CPU
		{FF8D33E0-2E82-45FF-8ED3-892C996B0774}.AppStore|x64.ActiveCfg = Release|Any CPU
		{FF8D33E0-2E82-45FF-8ED3-892C996B0774}.AppStore|x64.Build.0 = Release|Any CPU
		{FF8D33E0-2E82-45FF-8ED3-892C996B0774}.AppStore|x64.Deploy.0 = Release|Any CPU
		{FF8D33E0-2E82-45FF-8ED3-892C996B0774}.AppStore|x86.ActiveCfg = Release|Any CPU
		{FF8D33E0-2E82-45FF-8ED3-892C996B0774}.AppStore|x86.Build.0 = Release|Any CPU
		{FF8D33E0-2E82-45FF-8ED3-892C996B0774}.AppStore|x86.Deploy.0 = Release|Any CPU
		{FF8D33E0-2E82-45FF-8ED3-892C996B0774}.Debug|Any CPU.ActiveCfg = Debug|Any CPU
		{FF8D33E0-2E82-45FF-8ED3-892C996B0774}.Debug|Any CPU.Build.0 = Debug|Any CPU
		{FF8D33E0-2E82-45FF-8ED3-892C996B0774}.Debug|Any CPU.Deploy.0 = Debug|Any CPU
		{FF8D33E0-2E82-45FF-8ED3-892C996B0774}.Debug|ARM.ActiveCfg = Debug|Any CPU
		{FF8D33E0-2E82-45FF-8ED3-892C996B0774}.Debug|ARM.Build.0 = Debug|Any CPU
		{FF8D33E0-2E82-45FF-8ED3-892C996B0774}.Debug|ARM.Deploy.0 = Debug|Any CPU
		{FF8D33E0-2E82-45FF-8ED3-892C996B0774}.Debug|iPhone.ActiveCfg = Debug|Any CPU
		{FF8D33E0-2E82-45FF-8ED3-892C996B0774}.Debug|iPhone.Build.0 = Debug|Any CPU
		{FF8D33E0-2E82-45FF-8ED3-892C996B0774}.Debug|iPhone.Deploy.0 = Debug|Any CPU
		{FF8D33E0-2E82-45FF-8ED3-892C996B0774}.Debug|iPhoneSimulator.ActiveCfg = Debug|Any CPU
		{FF8D33E0-2E82-45FF-8ED3-892C996B0774}.Debug|iPhoneSimulator.Build.0 = Debug|Any CPU
		{FF8D33E0-2E82-45FF-8ED3-892C996B0774}.Debug|iPhoneSimulator.Deploy.0 = Debug|Any CPU
		{FF8D33E0-2E82-45FF-8ED3-892C996B0774}.Debug|x64.ActiveCfg = Debug|Any CPU
		{FF8D33E0-2E82-45FF-8ED3-892C996B0774}.Debug|x64.Build.0 = Debug|Any CPU
		{FF8D33E0-2E82-45FF-8ED3-892C996B0774}.Debug|x64.Deploy.0 = Debug|Any CPU
		{FF8D33E0-2E82-45FF-8ED3-892C996B0774}.Debug|x86.ActiveCfg = Debug|Any CPU
		{FF8D33E0-2E82-45FF-8ED3-892C996B0774}.Debug|x86.Build.0 = Debug|Any CPU
		{FF8D33E0-2E82-45FF-8ED3-892C996B0774}.Debug|x86.Deploy.0 = Debug|Any CPU
		{FF8D33E0-2E82-45FF-8ED3-892C996B0774}.Release|Any CPU.ActiveCfg = Release|Any CPU
		{FF8D33E0-2E82-45FF-8ED3-892C996B0774}.Release|Any CPU.Build.0 = Release|Any CPU
		{FF8D33E0-2E82-45FF-8ED3-892C996B0774}.Release|Any CPU.Deploy.0 = Release|Any CPU
		{FF8D33E0-2E82-45FF-8ED3-892C996B0774}.Release|ARM.ActiveCfg = Release|Any CPU
		{FF8D33E0-2E82-45FF-8ED3-892C996B0774}.Release|ARM.Build.0 = Release|Any CPU
		{FF8D33E0-2E82-45FF-8ED3-892C996B0774}.Release|ARM.Deploy.0 = Release|Any CPU
		{FF8D33E0-2E82-45FF-8ED3-892C996B0774}.Release|iPhone.ActiveCfg = Release|Any CPU
		{FF8D33E0-2E82-45FF-8ED3-892C996B0774}.Release|iPhone.Build.0 = Release|Any CPU
		{FF8D33E0-2E82-45FF-8ED3-892C996B0774}.Release|iPhone.Deploy.0 = Release|Any CPU
		{FF8D33E0-2E82-45FF-8ED3-892C996B0774}.Release|iPhoneSimulator.ActiveCfg = Release|Any CPU
		{FF8D33E0-2E82-45FF-8ED3-892C996B0774}.Release|iPhoneSimulator.Build.0 = Release|Any CPU
		{FF8D33E0-2E82-45FF-8ED3-892C996B0774}.Release|iPhoneSimulator.Deploy.0 = Release|Any CPU
		{FF8D33E0-2E82-45FF-8ED3-892C996B0774}.Release|x64.ActiveCfg = Release|Any CPU
		{FF8D33E0-2E82-45FF-8ED3-892C996B0774}.Release|x64.Build.0 = Release|Any CPU
		{FF8D33E0-2E82-45FF-8ED3-892C996B0774}.Release|x64.Deploy.0 = Release|Any CPU
		{FF8D33E0-2E82-45FF-8ED3-892C996B0774}.Release|x86.ActiveCfg = Release|Any CPU
		{FF8D33E0-2E82-45FF-8ED3-892C996B0774}.Release|x86.Build.0 = Release|Any CPU
		{FF8D33E0-2E82-45FF-8ED3-892C996B0774}.Release|x86.Deploy.0 = Release|Any CPU
		{28804542-860B-472F-BD1D-19841FDC9784}.Ad-Hoc|Any CPU.ActiveCfg = Release|Any CPU
		{28804542-860B-472F-BD1D-19841FDC9784}.Ad-Hoc|Any CPU.Build.0 = Release|Any CPU
		{28804542-860B-472F-BD1D-19841FDC9784}.Ad-Hoc|ARM.ActiveCfg = Release|Any CPU
		{28804542-860B-472F-BD1D-19841FDC9784}.Ad-Hoc|ARM.Build.0 = Release|Any CPU
		{28804542-860B-472F-BD1D-19841FDC9784}.Ad-Hoc|iPhone.ActiveCfg = Release|Any CPU
		{28804542-860B-472F-BD1D-19841FDC9784}.Ad-Hoc|iPhone.Build.0 = Release|Any CPU
		{28804542-860B-472F-BD1D-19841FDC9784}.Ad-Hoc|iPhoneSimulator.ActiveCfg = Release|Any CPU
		{28804542-860B-472F-BD1D-19841FDC9784}.Ad-Hoc|iPhoneSimulator.Build.0 = Release|Any CPU
		{28804542-860B-472F-BD1D-19841FDC9784}.Ad-Hoc|x64.ActiveCfg = Release|Any CPU
		{28804542-860B-472F-BD1D-19841FDC9784}.Ad-Hoc|x64.Build.0 = Release|Any CPU
		{28804542-860B-472F-BD1D-19841FDC9784}.Ad-Hoc|x86.ActiveCfg = Release|Any CPU
		{28804542-860B-472F-BD1D-19841FDC9784}.Ad-Hoc|x86.Build.0 = Release|Any CPU
		{28804542-860B-472F-BD1D-19841FDC9784}.AppStore|Any CPU.ActiveCfg = Release|Any CPU
		{28804542-860B-472F-BD1D-19841FDC9784}.AppStore|Any CPU.Build.0 = Release|Any CPU
		{28804542-860B-472F-BD1D-19841FDC9784}.AppStore|ARM.ActiveCfg = Release|Any CPU
		{28804542-860B-472F-BD1D-19841FDC9784}.AppStore|ARM.Build.0 = Release|Any CPU
		{28804542-860B-472F-BD1D-19841FDC9784}.AppStore|iPhone.ActiveCfg = Release|Any CPU
		{28804542-860B-472F-BD1D-19841FDC9784}.AppStore|iPhone.Build.0 = Release|Any CPU
		{28804542-860B-472F-BD1D-19841FDC9784}.AppStore|iPhoneSimulator.ActiveCfg = Release|Any CPU
		{28804542-860B-472F-BD1D-19841FDC9784}.AppStore|iPhoneSimulator.Build.0 = Release|Any CPU
		{28804542-860B-472F-BD1D-19841FDC9784}.AppStore|x64.ActiveCfg = Release|Any CPU
		{28804542-860B-472F-BD1D-19841FDC9784}.AppStore|x64.Build.0 = Release|Any CPU
		{28804542-860B-472F-BD1D-19841FDC9784}.AppStore|x86.ActiveCfg = Release|Any CPU
		{28804542-860B-472F-BD1D-19841FDC9784}.AppStore|x86.Build.0 = Release|Any CPU
		{28804542-860B-472F-BD1D-19841FDC9784}.Debug|Any CPU.ActiveCfg = Debug|Any CPU
		{28804542-860B-472F-BD1D-19841FDC9784}.Debug|Any CPU.Build.0 = Debug|Any CPU
		{28804542-860B-472F-BD1D-19841FDC9784}.Debug|ARM.ActiveCfg = Debug|Any CPU
		{28804542-860B-472F-BD1D-19841FDC9784}.Debug|ARM.Build.0 = Debug|Any CPU
		{28804542-860B-472F-BD1D-19841FDC9784}.Debug|iPhone.ActiveCfg = Debug|Any CPU
		{28804542-860B-472F-BD1D-19841FDC9784}.Debug|iPhone.Build.0 = Debug|Any CPU
		{28804542-860B-472F-BD1D-19841FDC9784}.Debug|iPhoneSimulator.ActiveCfg = Debug|Any CPU
		{28804542-860B-472F-BD1D-19841FDC9784}.Debug|iPhoneSimulator.Build.0 = Debug|Any CPU
		{28804542-860B-472F-BD1D-19841FDC9784}.Debug|x64.ActiveCfg = Debug|Any CPU
		{28804542-860B-472F-BD1D-19841FDC9784}.Debug|x64.Build.0 = Debug|Any CPU
		{28804542-860B-472F-BD1D-19841FDC9784}.Debug|x86.ActiveCfg = Debug|Any CPU
		{28804542-860B-472F-BD1D-19841FDC9784}.Debug|x86.Build.0 = Debug|Any CPU
		{28804542-860B-472F-BD1D-19841FDC9784}.Release|Any CPU.ActiveCfg = Release|Any CPU
		{28804542-860B-472F-BD1D-19841FDC9784}.Release|Any CPU.Build.0 = Release|Any CPU
		{28804542-860B-472F-BD1D-19841FDC9784}.Release|ARM.ActiveCfg = Release|Any CPU
		{28804542-860B-472F-BD1D-19841FDC9784}.Release|ARM.Build.0 = Release|Any CPU
		{28804542-860B-472F-BD1D-19841FDC9784}.Release|iPhone.ActiveCfg = Release|Any CPU
		{28804542-860B-472F-BD1D-19841FDC9784}.Release|iPhone.Build.0 = Release|Any CPU
		{28804542-860B-472F-BD1D-19841FDC9784}.Release|iPhoneSimulator.ActiveCfg = Release|Any CPU
		{28804542-860B-472F-BD1D-19841FDC9784}.Release|iPhoneSimulator.Build.0 = Release|Any CPU
		{28804542-860B-472F-BD1D-19841FDC9784}.Release|x64.ActiveCfg = Release|Any CPU
		{28804542-860B-472F-BD1D-19841FDC9784}.Release|x64.Build.0 = Release|Any CPU
		{28804542-860B-472F-BD1D-19841FDC9784}.Release|x86.ActiveCfg = Release|Any CPU
		{28804542-860B-472F-BD1D-19841FDC9784}.Release|x86.Build.0 = Release|Any CPU
		{6724FCF2-58D8-43FE-BAEE-B5375650AC6D}.Ad-Hoc|Any CPU.ActiveCfg = Release|x86
		{6724FCF2-58D8-43FE-BAEE-B5375650AC6D}.Ad-Hoc|Any CPU.Build.0 = Release|x86
		{6724FCF2-58D8-43FE-BAEE-B5375650AC6D}.Ad-Hoc|Any CPU.Deploy.0 = Release|x86
		{6724FCF2-58D8-43FE-BAEE-B5375650AC6D}.Ad-Hoc|ARM.ActiveCfg = Release|ARM
		{6724FCF2-58D8-43FE-BAEE-B5375650AC6D}.Ad-Hoc|ARM.Build.0 = Release|ARM
		{6724FCF2-58D8-43FE-BAEE-B5375650AC6D}.Ad-Hoc|ARM.Deploy.0 = Release|ARM
		{6724FCF2-58D8-43FE-BAEE-B5375650AC6D}.Ad-Hoc|iPhone.ActiveCfg = Release|x86
		{6724FCF2-58D8-43FE-BAEE-B5375650AC6D}.Ad-Hoc|iPhone.Build.0 = Release|x86
		{6724FCF2-58D8-43FE-BAEE-B5375650AC6D}.Ad-Hoc|iPhone.Deploy.0 = Release|x86
		{6724FCF2-58D8-43FE-BAEE-B5375650AC6D}.Ad-Hoc|iPhoneSimulator.ActiveCfg = Release|x86
		{6724FCF2-58D8-43FE-BAEE-B5375650AC6D}.Ad-Hoc|iPhoneSimulator.Build.0 = Release|x86
		{6724FCF2-58D8-43FE-BAEE-B5375650AC6D}.Ad-Hoc|iPhoneSimulator.Deploy.0 = Release|x86
		{6724FCF2-58D8-43FE-BAEE-B5375650AC6D}.Ad-Hoc|x64.ActiveCfg = Release|x64
		{6724FCF2-58D8-43FE-BAEE-B5375650AC6D}.Ad-Hoc|x64.Build.0 = Release|x64
		{6724FCF2-58D8-43FE-BAEE-B5375650AC6D}.Ad-Hoc|x64.Deploy.0 = Release|x64
		{6724FCF2-58D8-43FE-BAEE-B5375650AC6D}.Ad-Hoc|x86.ActiveCfg = Release|x86
		{6724FCF2-58D8-43FE-BAEE-B5375650AC6D}.Ad-Hoc|x86.Build.0 = Release|x86
		{6724FCF2-58D8-43FE-BAEE-B5375650AC6D}.Ad-Hoc|x86.Deploy.0 = Release|x86
		{6724FCF2-58D8-43FE-BAEE-B5375650AC6D}.AppStore|Any CPU.ActiveCfg = Release|x86
		{6724FCF2-58D8-43FE-BAEE-B5375650AC6D}.AppStore|Any CPU.Build.0 = Release|x86
		{6724FCF2-58D8-43FE-BAEE-B5375650AC6D}.AppStore|Any CPU.Deploy.0 = Release|x86
		{6724FCF2-58D8-43FE-BAEE-B5375650AC6D}.AppStore|ARM.ActiveCfg = Release|ARM
		{6724FCF2-58D8-43FE-BAEE-B5375650AC6D}.AppStore|ARM.Build.0 = Release|ARM
		{6724FCF2-58D8-43FE-BAEE-B5375650AC6D}.AppStore|ARM.Deploy.0 = Release|ARM
		{6724FCF2-58D8-43FE-BAEE-B5375650AC6D}.AppStore|iPhone.ActiveCfg = Release|x86
		{6724FCF2-58D8-43FE-BAEE-B5375650AC6D}.AppStore|iPhone.Build.0 = Release|x86
		{6724FCF2-58D8-43FE-BAEE-B5375650AC6D}.AppStore|iPhone.Deploy.0 = Release|x86
		{6724FCF2-58D8-43FE-BAEE-B5375650AC6D}.AppStore|iPhoneSimulator.ActiveCfg = Release|x86
		{6724FCF2-58D8-43FE-BAEE-B5375650AC6D}.AppStore|iPhoneSimulator.Build.0 = Release|x86
		{6724FCF2-58D8-43FE-BAEE-B5375650AC6D}.AppStore|iPhoneSimulator.Deploy.0 = Release|x86
		{6724FCF2-58D8-43FE-BAEE-B5375650AC6D}.AppStore|x64.ActiveCfg = Release|x64
		{6724FCF2-58D8-43FE-BAEE-B5375650AC6D}.AppStore|x64.Build.0 = Release|x64
		{6724FCF2-58D8-43FE-BAEE-B5375650AC6D}.AppStore|x64.Deploy.0 = Release|x64
		{6724FCF2-58D8-43FE-BAEE-B5375650AC6D}.AppStore|x86.ActiveCfg = Release|x86
		{6724FCF2-58D8-43FE-BAEE-B5375650AC6D}.AppStore|x86.Build.0 = Release|x86
		{6724FCF2-58D8-43FE-BAEE-B5375650AC6D}.AppStore|x86.Deploy.0 = Release|x86
		{6724FCF2-58D8-43FE-BAEE-B5375650AC6D}.Debug|Any CPU.ActiveCfg = Debug|x86
		{6724FCF2-58D8-43FE-BAEE-B5375650AC6D}.Debug|ARM.ActiveCfg = Debug|ARM
		{6724FCF2-58D8-43FE-BAEE-B5375650AC6D}.Debug|ARM.Build.0 = Debug|ARM
		{6724FCF2-58D8-43FE-BAEE-B5375650AC6D}.Debug|ARM.Deploy.0 = Debug|ARM
		{6724FCF2-58D8-43FE-BAEE-B5375650AC6D}.Debug|iPhone.ActiveCfg = Debug|x86
		{6724FCF2-58D8-43FE-BAEE-B5375650AC6D}.Debug|iPhoneSimulator.ActiveCfg = Debug|x86
		{6724FCF2-58D8-43FE-BAEE-B5375650AC6D}.Debug|x64.ActiveCfg = Debug|x64
		{6724FCF2-58D8-43FE-BAEE-B5375650AC6D}.Debug|x64.Build.0 = Debug|x64
		{6724FCF2-58D8-43FE-BAEE-B5375650AC6D}.Debug|x64.Deploy.0 = Debug|x64
		{6724FCF2-58D8-43FE-BAEE-B5375650AC6D}.Debug|x86.ActiveCfg = Debug|x86
		{6724FCF2-58D8-43FE-BAEE-B5375650AC6D}.Debug|x86.Build.0 = Debug|x86
		{6724FCF2-58D8-43FE-BAEE-B5375650AC6D}.Debug|x86.Deploy.0 = Debug|x86
		{6724FCF2-58D8-43FE-BAEE-B5375650AC6D}.Release|Any CPU.ActiveCfg = Release|x86
		{6724FCF2-58D8-43FE-BAEE-B5375650AC6D}.Release|ARM.ActiveCfg = Release|ARM
		{6724FCF2-58D8-43FE-BAEE-B5375650AC6D}.Release|ARM.Build.0 = Release|ARM
		{6724FCF2-58D8-43FE-BAEE-B5375650AC6D}.Release|ARM.Deploy.0 = Release|ARM
		{6724FCF2-58D8-43FE-BAEE-B5375650AC6D}.Release|iPhone.ActiveCfg = Release|x86
		{6724FCF2-58D8-43FE-BAEE-B5375650AC6D}.Release|iPhoneSimulator.ActiveCfg = Release|x86
		{6724FCF2-58D8-43FE-BAEE-B5375650AC6D}.Release|x64.ActiveCfg = Release|x64
		{6724FCF2-58D8-43FE-BAEE-B5375650AC6D}.Release|x64.Build.0 = Release|x64
		{6724FCF2-58D8-43FE-BAEE-B5375650AC6D}.Release|x64.Deploy.0 = Release|x64
		{6724FCF2-58D8-43FE-BAEE-B5375650AC6D}.Release|x86.ActiveCfg = Release|x86
		{6724FCF2-58D8-43FE-BAEE-B5375650AC6D}.Release|x86.Build.0 = Release|x86
		{6724FCF2-58D8-43FE-BAEE-B5375650AC6D}.Release|x86.Deploy.0 = Release|x86
		{A814E86C-3216-4677-AAA4-F39BDCCB1618}.Ad-Hoc|Any CPU.ActiveCfg = Ad-Hoc|iPhoneSimulator
		{A814E86C-3216-4677-AAA4-F39BDCCB1618}.Ad-Hoc|ARM.ActiveCfg = Ad-Hoc|iPhone
		{A814E86C-3216-4677-AAA4-F39BDCCB1618}.Ad-Hoc|iPhone.ActiveCfg = Ad-Hoc|iPhone
		{A814E86C-3216-4677-AAA4-F39BDCCB1618}.Ad-Hoc|iPhone.Build.0 = Ad-Hoc|iPhone
		{A814E86C-3216-4677-AAA4-F39BDCCB1618}.Ad-Hoc|iPhoneSimulator.ActiveCfg = Ad-Hoc|iPhoneSimulator
		{A814E86C-3216-4677-AAA4-F39BDCCB1618}.Ad-Hoc|iPhoneSimulator.Build.0 = Ad-Hoc|iPhoneSimulator
		{A814E86C-3216-4677-AAA4-F39BDCCB1618}.Ad-Hoc|x64.ActiveCfg = Ad-Hoc|iPhone
		{A814E86C-3216-4677-AAA4-F39BDCCB1618}.Ad-Hoc|x86.ActiveCfg = Ad-Hoc|iPhone
		{A814E86C-3216-4677-AAA4-F39BDCCB1618}.AppStore|Any CPU.ActiveCfg = AppStore|iPhoneSimulator
		{A814E86C-3216-4677-AAA4-F39BDCCB1618}.AppStore|ARM.ActiveCfg = AppStore|iPhone
		{A814E86C-3216-4677-AAA4-F39BDCCB1618}.AppStore|iPhone.ActiveCfg = AppStore|iPhone
		{A814E86C-3216-4677-AAA4-F39BDCCB1618}.AppStore|iPhone.Build.0 = AppStore|iPhone
		{A814E86C-3216-4677-AAA4-F39BDCCB1618}.AppStore|iPhoneSimulator.ActiveCfg = AppStore|iPhoneSimulator
		{A814E86C-3216-4677-AAA4-F39BDCCB1618}.AppStore|iPhoneSimulator.Build.0 = AppStore|iPhoneSimulator
		{A814E86C-3216-4677-AAA4-F39BDCCB1618}.AppStore|x64.ActiveCfg = AppStore|iPhone
		{A814E86C-3216-4677-AAA4-F39BDCCB1618}.AppStore|x86.ActiveCfg = AppStore|iPhone
		{A814E86C-3216-4677-AAA4-F39BDCCB1618}.Debug|Any CPU.ActiveCfg = Debug|iPhoneSimulator
		{A814E86C-3216-4677-AAA4-F39BDCCB1618}.Debug|ARM.ActiveCfg = Debug|iPhone
		{A814E86C-3216-4677-AAA4-F39BDCCB1618}.Debug|iPhone.ActiveCfg = Debug|iPhone
		{A814E86C-3216-4677-AAA4-F39BDCCB1618}.Debug|iPhone.Build.0 = Debug|iPhone
		{A814E86C-3216-4677-AAA4-F39BDCCB1618}.Debug|iPhoneSimulator.ActiveCfg = Debug|iPhoneSimulator
		{A814E86C-3216-4677-AAA4-F39BDCCB1618}.Debug|iPhoneSimulator.Build.0 = Debug|iPhoneSimulator
		{A814E86C-3216-4677-AAA4-F39BDCCB1618}.Debug|x64.ActiveCfg = Debug|iPhone
		{A814E86C-3216-4677-AAA4-F39BDCCB1618}.Debug|x86.ActiveCfg = Debug|iPhone
		{A814E86C-3216-4677-AAA4-F39BDCCB1618}.Release|Any CPU.ActiveCfg = Release|iPhoneSimulator
		{A814E86C-3216-4677-AAA4-F39BDCCB1618}.Release|ARM.ActiveCfg = Release|iPhone
		{A814E86C-3216-4677-AAA4-F39BDCCB1618}.Release|iPhone.ActiveCfg = Release|iPhone
		{A814E86C-3216-4677-AAA4-F39BDCCB1618}.Release|iPhone.Build.0 = Release|iPhone
		{A814E86C-3216-4677-AAA4-F39BDCCB1618}.Release|iPhoneSimulator.ActiveCfg = Release|iPhoneSimulator
		{A814E86C-3216-4677-AAA4-F39BDCCB1618}.Release|iPhoneSimulator.Build.0 = Release|iPhoneSimulator
		{A814E86C-3216-4677-AAA4-F39BDCCB1618}.Release|x64.ActiveCfg = Release|iPhone
		{A814E86C-3216-4677-AAA4-F39BDCCB1618}.Release|x86.ActiveCfg = Release|iPhone
	EndGlobalSection
	GlobalSection(SolutionProperties) = preSolution
		HideSolutionNode = FALSE
	EndGlobalSection
	GlobalSection(ExtensibilityGlobals) = postSolution
		SolutionGuid = {CF67F8D0-3134-4030-894F-ED656CBD4C01}
	EndGlobalSection
EndGlobal
